{
  "version": 4,
  "terraform_version": "1.0.10",
  "serial": 20,
  "lineage": "fa85a87d-a0df-094a-dccd-cd2bc797390a",
  "outputs": {
    "aws_ip_instance": {
      "value": "3.143.208.148",
      "type": "string"
    }
  },
  "resources": [
    {
      "mode": "managed",
      "type": "aws_instance",
      "name": "first_instance_3",
      "provider": "provider[\"registry.terraform.io/hashicorp/aws\"]",
      "instances": [
        {
          "schema_version": 1,
          "attributes": {
            "ami": "ami-0629230e074c580f2",
            "arn": "arn:aws:ec2:us-east-2:272537072251:instance/i-0c3b2ad3176ad0835",
            "associate_public_ip_address": true,
            "availability_zone": "us-east-2b",
            "capacity_reservation_specification": [
              {
                "capacity_reservation_preference": "open",
                "capacity_reservation_target": []
              }
            ],
            "cpu_core_count": 1,
            "cpu_threads_per_core": 1,
            "credit_specification": [
              {
                "cpu_credits": "standard"
              }
            ],
            "disable_api_termination": false,
            "ebs_block_device": [],
            "ebs_optimized": false,
            "enclave_options": [
              {
                "enabled": false
              }
            ],
            "ephemeral_block_device": [],
            "get_password_data": false,
            "hibernation": false,
            "host_id": null,
            "iam_instance_profile": "",
            "id": "i-0c3b2ad3176ad0835",
            "instance_initiated_shutdown_behavior": "stop",
            "instance_state": "running",
            "instance_type": "t2.micro",
            "ipv6_address_count": 0,
            "ipv6_addresses": [],
            "key_name": "test-terraform",
            "launch_template": [],
            "metadata_options": [
              {
                "http_endpoint": "enabled",
                "http_put_response_hop_limit": 1,
                "http_tokens": "optional"
              }
            ],
            "monitoring": false,
            "network_interface": [],
            "outpost_arn": "",
            "password_data": "",
            "placement_group": "",
            "placement_partition_number": null,
            "primary_network_interface_id": "eni-0b40f819bd8648604",
            "private_dns": "ip-172-31-26-126.us-east-2.compute.internal",
            "private_ip": "172.31.26.126",
            "public_dns": "ec2-3-143-208-148.us-east-2.compute.amazonaws.com",
            "public_ip": "3.143.208.148",
            "root_block_device": [
              {
                "delete_on_termination": true,
                "device_name": "/dev/sda1",
                "encrypted": false,
                "iops": 100,
                "kms_key_id": "",
                "tags": {},
                "throughput": 0,
                "volume_id": "vol-0062dfa241b24d12f",
                "volume_size": 8,
                "volume_type": "gp2"
              }
            ],
            "secondary_private_ips": [],
            "security_groups": [
              "test-group-terraform"
            ],
            "source_dest_check": true,
            "subnet_id": "subnet-85b4e6ff",
            "tags": null,
            "tags_all": {},
            "tenancy": "default",
            "timeouts": null,
            "user_data": null,
            "user_data_base64": null,
            "volume_tags": null,
            "vpc_security_group_ids": [
              "sg-0fe7cf393f1692635"
            ]
          },
          "sensitive_attributes": [],
          "private": "eyJlMmJmYjczMC1lY2FhLTExZTYtOGY4OC0zNDM2M2JjN2M0YzAiOnsiY3JlYXRlIjo2MDAwMDAwMDAwMDAsImRlbGV0ZSI6MTIwMDAwMDAwMDAwMCwidXBkYXRlIjo2MDAwMDAwMDAwMDB9LCJzY2hlbWFfdmVyc2lvbiI6IjEifQ==",
          "dependencies": [
            "aws_key_pair.key_ssh",
            "aws_security_group.instance_group"
          ]
        }
      ]
    },
    {
      "mode": "managed",
      "type": "aws_key_pair",
      "name": "key_ssh",
      "provider": "provider[\"registry.terraform.io/hashicorp/aws\"]",
      "instances": [
        {
          "schema_version": 1,
          "attributes": {
            "arn": "arn:aws:ec2:us-east-2:272537072251:key-pair/test-terraform",
            "fingerprint": "fe:9d:84:b3:f7:6d:51:af:1b:54:75:23:8e:86:f5:da",
            "id": "test-terraform",
            "key_name": "test-terraform",
            "key_name_prefix": null,
            "key_pair_id": "key-0913538bcb098e3c3",
            "public_key": "ssh-rsa AAAAB3NzaC1yc2EAAAADAQABAAABgQDFAlK9hpTojuH1rOy4wYCkBgkN3LRpaA6Fn5U+azMpPNftuELozF71ivaGagPMtKqWNMweP5UArhqzR+hjUgu3PDaBJMctZevpp7W5cc70Df6aDaWXwu2fIUNbq4Ymtfcza05XwLVa8vaTYafZRNAGu/240BRiuHUZKkj6jVUxI1TUh1fRQr7WdduEgceNRGeLS/ZIfEnhq/L2AmOVWKR2XPAOqnBE7a1KxkNMJkCgpvb1uR/Q3afRUokf5/1BNuy5m88fNBYbPkEOj3ngdka3+1jCdSwQkGsbNaHKrAk4k1UsFqh9P/FzRV+f8Mkkt7UUnbotbBvV9TM0aSoUsX7fbEzsXe3em5FgpULQ0X61FUeLKWPG/6IO0fgEWOOPnOV0gP7Qogyo+tGlreqBZwKM7ImgtIXYYv4gIYPv/VzWWLequP9YaVfVBtNVEMcYrqoxyzgKyjkbZXv5MtqROPSREGyWTB7beX1SV21+EJvIbRKwob1JzZ/TbcHZKNv70kc= utopios@imac-de-ihab.home",
            "tags": {},
            "tags_all": {}
          },
          "sensitive_attributes": [],
          "private": "eyJzY2hlbWFfdmVyc2lvbiI6IjEifQ=="
        }
      ]
    },
    {
      "mode": "managed",
      "type": "aws_security_group",
      "name": "instance_group",
      "provider": "provider[\"registry.terraform.io/hashicorp/aws\"]",
      "instances": [
        {
          "schema_version": 1,
          "attributes": {
            "arn": "arn:aws:ec2:us-east-2:272537072251:security-group/sg-0fe7cf393f1692635",
            "description": "Managed by Terraform",
            "egress": [
              {
                "cidr_blocks": [
                  "0.0.0.0/0"
                ],
                "description": "",
                "from_port": 0,
                "ipv6_cidr_blocks": [],
                "prefix_list_ids": [],
                "protocol": "-1",
                "security_groups": [],
                "self": false,
                "to_port": 0
              }
            ],
            "id": "sg-0fe7cf393f1692635",
            "ingress": [
              {
                "cidr_blocks": [
                  "0.0.0.0/0"
                ],
                "description": "",
                "from_port": 22,
                "ipv6_cidr_blocks": [],
                "prefix_list_ids": [],
                "protocol": "tcp",
                "security_groups": [],
                "self": false,
                "to_port": 22
              }
            ],
            "name": "test-group-terraform",
            "name_prefix": "",
            "owner_id": "272537072251",
            "revoke_rules_on_delete": false,
            "tags": {},
            "tags_all": {},
            "timeouts": null,
            "vpc_id": "vpc-b8ed11d3"
          },
          "sensitive_attributes": [],
          "private": "eyJlMmJmYjczMC1lY2FhLTExZTYtOGY4OC0zNDM2M2JjN2M0YzAiOnsiY3JlYXRlIjo2MDAwMDAwMDAwMDAsImRlbGV0ZSI6OTAwMDAwMDAwMDAwfSwic2NoZW1hX3ZlcnNpb24iOiIxIn0="
        }
      ]
    }
  ]
}
